
Microsoft Visual Studio Solution File, Format Version 12.00
# Visual Studio 14
VisualStudioVersion = 14.0.23107.0
MinimumVisualStudioVersion = 10.0.40219.1
Project("{FAE04EC0-301F-11D3-BF4B-00C04F79EFBC}") = "SetupGenerator", "SetupGenerator\SetupGenerator.csproj", "{05ACBAD0-C5E1-4DB1-A490-2F2B0B0FACCF}"
EndProject
Global
	GlobalSection(SolutionConfigurationPlatforms) = preSolution
		Debug|Any CPU = Debug|Any CPU
		Release|Any CPU = Release|Any CPU
	EndGlobalSection
	GlobalSection(ProjectConfigurationPlatforms) = postSolution
		{05ACBAD0-C5E1-4DB1-A490-2F2B0B0FACCF}.Debug|Any CPU.ActiveCfg = Debug|Any CPU
		{05ACBAD0-C5E1-4DB1-A490-2F2B0B0FACCF}.Debug|Any CPU.Build.0 = Debug|Any CPU
		{05ACBAD0-C5E1-4DB1-A490-2F2B0B0FACCF}.Release|Any CPU.ActiveCfg = Release|Any CPU
		{05ACBAD0-C5E1-4DB1-A490-2F2B0B0FACCF}.Release|Any CPU.Build.0 = Release|Any CPU
	EndGlobalSection
	GlobalSection(SolutionProperties) = preSolution
		HideSolutionNode = FALSE
	EndGlobalSection
EndGlobal
